name: Issue and PR Locking System

on:
  issues:
    types: [closed]
  pull_request:
    types: [closed]

jobs:
  lock-closed-item:
    runs-on: ubuntu-latest
    permissions:
      issues: write
      pull-requests: write

    steps:
      - name: Lock Closed Issue
        if: github.event.issue != ''
        env:
          GH_TOKEN: ${{ secrets.GITHUB_TOKEN }}
          ISSUE_NUMBER: ${{ github.event.issue.number }}
        run: |
          gh issue lock $ISSUE_NUMBER

      - name: Lock Closed PR
        if: github.event.pull_request != ''
        env:
          GH_TOKEN: ${{ secrets.GITHUB_TOKEN }}
          PR_NUMBER: ${{ github.event.pull_request.number }}
        run: |
          gh pr lock $PR_NUMBER
